
Microsoft Visual Studio Solution File, Format Version 12.00
# Visual Studio Version 17
VisualStudioVersion = 17.14.36202.13 d17.14
MinimumVisualStudioVersion = 10.0.40219.1
Project("{FAE04EC0-301F-11D3-BF4B-00C04F79EFBC}") = "DateCalculator", "DateCalculator\DateCalculator.csproj", "{1316E924-D03D-4BA9-AAFA-FE895D7C1301}"
EndProject
Global
	GlobalSection(SolutionConfigurationPlatforms) = preSolution
		Debug|Any CPU = Debug|Any CPU
		Release|Any CPU = Release|Any CPU
	EndGlobalSection
	GlobalSection(ProjectConfigurationPlatforms) = postSolution
		{1316E924-D03D-4BA9-AAFA-FE895D7C1301}.Debug|Any CPU.ActiveCfg = Debug|Any CPU
		{1316E924-D03D-4BA9-AAFA-FE895D7C1301}.Debug|Any CPU.Build.0 = Debug|Any CPU
		{1316E924-D03D-4BA9-AAFA-FE895D7C1301}.Release|Any CPU.ActiveCfg = Release|Any CPU
		{1316E924-D03D-4BA9-AAFA-FE895D7C1301}.Release|Any CPU.Build.0 = Release|Any CPU
	EndGlobalSection
	GlobalSection(SolutionProperties) = preSolution
		HideSolutionNode = FALSE
	EndGlobalSection
	GlobalSection(ExtensibilityGlobals) = postSolution
		SolutionGuid = {E9958B56-CB50-4BE6-A13A-7D00054F17DD}
	EndGlobalSection
EndGlobal
